
Microsoft Visual Studio Solution File, Format Version 12.00
# Visual Studio Version 17
VisualStudioVersion = 17.7.34221.43
MinimumVisualStudioVersion = 10.0.40219.1
Project("{9A19103F-16F7-4668-BE54-9A1E7A4F7556}") = "ExplorerTabSwitcher", "ExplorerTabSwitcher\ExplorerTabSwitcher.csproj", "{C0F86AF1-300C-405B-AC67-C04C43570385}"
EndProject
Global
	GlobalSection(SolutionConfigurationPlatforms) = preSolution
		Debug|Any CPU = Debug|Any CPU
		Release|Any CPU = Release|Any CPU
	EndGlobalSection
	GlobalSection(ProjectConfigurationPlatforms) = postSolution
		{C0F86AF1-300C-405B-AC67-C04C43570385}.Debug|Any CPU.ActiveCfg = Debug|Any CPU
		{C0F86AF1-300C-405B-AC67-C04C43570385}.Debug|Any CPU.Build.0 = Debug|Any CPU
		{C0F86AF1-300C-405B-AC67-C04C43570385}.Release|Any CPU.ActiveCfg = Release|Any CPU
		{C0F86AF1-300C-405B-AC67-C04C43570385}.Release|Any CPU.Build.0 = Release|Any CPU
	EndGlobalSection
	GlobalSection(SolutionProperties) = preSolution
		HideSolutionNode = FALSE
	EndGlobalSection
	GlobalSection(ExtensibilityGlobals) = postSolution
		SolutionGuid = {861D8CAF-5F73-43F0-BC6C-879F8879F3C5}
	EndGlobalSection
EndGlobal
